// !$*UTF8*$!
{
	archiveVersion = 1;
	classes = {
	};
	objectVersion = 50;
	objects = {

/* Begin PBXBuildFile section */
		D16C450C231780F9006AE4DF /* AppDelegate.swift in Sources */ = {isa = PBXBuildFile; fileRef = D16C450B231780F9006AE4DF /* AppDelegate.swift */; };
		D16C450E231780F9006AE4DF /* ViewController.swift in Sources */ = {isa = PBXBuildFile; fileRef = D16C450D231780F9006AE4DF /* ViewController.swift */; };
		D16C4511231780F9006AE4DF /* Main.storyboard in Resources */ = {isa = PBXBuildFile; fileRef = D16C450F231780F9006AE4DF /* Main.storyboard */; };
		D16C4513231780FA006AE4DF /* Assets.xcassets in Resources */ = {isa = PBXBuildFile; fileRef = D16C4512231780FA006AE4DF /* Assets.xcassets */; };
		D16C4516231780FA006AE4DF /* LaunchScreen.storyboard in Resources */ = {isa = PBXBuildFile; fileRef = D16C4514231780FA006AE4DF /* LaunchScreen.storyboard */; };
		D16C4521231780FA006AE4DF /* StarWarsTests.swift in Sources */ = {isa = PBXBuildFile; fileRef = D16C4520231780FA006AE4DF /* StarWarsTests.swift */; };
		D16C452C231780FA006AE4DF /* StarWarsUITests.swift in Sources */ = {isa = PBXBuildFile; fileRef = D16C452B231780FA006AE4DF /* StarWarsUITests.swift */; };
/* End PBXBuildFile section */

/* Begin PBXContainerItemProxy section */
		D16C451D231780FA006AE4DF /* PBXContainerItemProxy */ = {
			isa = PBXContainerItemProxy;
			containerPortal = D16C4500231780F9006AE4DF /* Project object */;
			proxyType = 1;
			remoteGlobalIDString = D16C4507231780F9006AE4DF;
			remoteInfo = StarWars;
		};
		D16C4528231780FA006AE4DF /* PBXContainerItemProxy */ = {
			isa = PBXContainerItemProxy;
			containerPortal = D16C4500231780F9006AE4DF /* Project object */;
			proxyType = 1;
			remoteGlobalIDString = D16C4507231780F9006AE4DF;
			remoteInfo = StarWars;
		};
/* End PBXContainerItemProxy section */

/* Begin PBXFileReference section */
		D16C4508231780F9006AE4DF /* StarWars.app */ = {isa = PBXFileReference; explicitFileType = wrapper.application; includeInIndex = 0; path = StarWars.app; sourceTree = BUILT_PRODUCTS_DIR; };
		D16C450B231780F9006AE4DF /* AppDelegate.swift */ = {isa = PBXFileReference; lastKnownFileType = sourcecode.swift; path = AppDelegate.swift; sourceTree = "<group>"; };
		D16C450D231780F9006AE4DF /* ViewController.swift */ = {isa = PBXFileReference; lastKnownFileType = sourcecode.swift; path = ViewController.swift; sourceTree = "<group>"; };
		D16C4510231780F9006AE4DF /* Base */ = {isa = PBXFileReference; lastKnownFileType = file.storyboard; name = Base; path = Base.lproj/Main.storyboard; sourceTree = "<group>"; };
		D16C4512231780FA006AE4DF /* Assets.xcassets */ = {isa = PBXFileReference; lastKnownFileType = folder.assetcatalog; path = Assets.xcassets; sourceTree = "<group>"; };
		D16C4515231780FA006AE4DF /* Base */ = {isa = PBXFileReference; lastKnownFileType = file.storyboard; name = Base; path = Base.lproj/LaunchScreen.storyboard; sourceTree = "<group>"; };
		D16C4517231780FA006AE4DF /* Info.plist */ = {isa = PBXFileReference; lastKnownFileType = text.plist.xml; path = Info.plist; sourceTree = "<group>"; };
		D16C451C231780FA006AE4DF /* StarWarsTests.xctest */ = {isa = PBXFileReference; explicitFileType = wrapper.cfbundle; includeInIndex = 0; path = StarWarsTests.xctest; sourceTree = BUILT_PRODUCTS_DIR; };
		D16C4520231780FA006AE4DF /* StarWarsTests.swift */ = {isa = PBXFileReference; lastKnownFileType = sourcecode.swift; path = StarWarsTests.swift; sourceTree = "<group>"; };
		D16C4522231780FA006AE4DF /* Info.plist */ = {isa = PBXFileReference; lastKnownFileType = text.plist.xml; path = Info.plist; sourceTree = "<group>"; };
		D16C4527231780FA006AE4DF /* StarWarsUITests.xctest */ = {isa = PBXFileReference; explicitFileType = wrapper.cfbundle; includeInIndex = 0; path = StarWarsUITests.xctest; sourceTree = BUILT_PRODUCTS_DIR; };
		D16C452B231780FA006AE4DF /* StarWarsUITests.swift */ = {isa = PBXFileReference; lastKnownFileType = sourcecode.swift; path = StarWarsUITests.swift; sourceTree = "<group>"; };
		D16C452D231780FA006AE4DF /* Info.plist */ = {isa = PBXFileReference; lastKnownFileType = text.plist.xml; path = Info.plist; sourceTree = "<group>"; };
/* End PBXFileReference section */

/* Begin PBXFrameworksBuildPhase section */
		D16C4505231780F9006AE4DF /* Frameworks */ = {
			isa = PBXFrameworksBuildPhase;
			buildActionMask = 2147483647;
			files = (
			);
			runOnlyForDeploymentPostprocessing = 0;
		};
		D16C4519231780FA006AE4DF /* Frameworks */ = {
			isa = PBXFrameworksBuildPhase;
			buildActionMask = 2147483647;
			files = (
			);
			runOnlyForDeploymentPostprocessing = 0;
		};
		D16C4524231780FA006AE4DF /* Frameworks */ = {
			isa = PBXFrameworksBuildPhase;
			buildActionMask = 2147483647;
			files = (
			);
			runOnlyForDeploymentPostprocessing = 0;
		};
/* End PBXFrameworksBuildPhase section */

/* Begin PBXGroup section */
		D16C44FF231780F9006AE4DF = {
			isa = PBXGroup;
			children = (
				D16C450A231780F9006AE4DF /* StarWars */,
				D16C451F231780FA006AE4DF /* StarWarsTests */,
				D16C452A231780FA006AE4DF /* StarWarsUITests */,
				D16C4509231780F9006AE4DF /* Products */,
			);
			sourceTree = "<group>";
		};
		D16C4509231780F9006AE4DF /* Products */ = {
			isa = PBXGroup;
			children = (
				D16C4508231780F9006AE4DF /* StarWars.app */,
				D16C451C231780FA006AE4DF /* StarWarsTests.xctest */,
				D16C4527231780FA006AE4DF /* StarWarsUITests.xctest */,
			);
			name = Products;
			sourceTree = "<group>";
		};
		D16C450A231780F9006AE4DF /* StarWars */ = {
			isa = PBXGroup;
			children = (
				D16C450B231780F9006AE4DF /* AppDelegate.swift */,
				D16C450D231780F9006AE4DF /* ViewController.swift */,
				D16C450F231780F9006AE4DF /* Main.storyboard */,
				D16C4512231780FA006AE4DF /* Assets.xcassets */,
				D16C4514231780FA006AE4DF /* LaunchScreen.storyboard */,
				D16C4517231780FA006AE4DF /* Info.plist */,
			);
			path = StarWars;
			sourceTree = "<group>";
		};
		D16C451F231780FA006AE4DF /* StarWarsTests */ = {
			isa = PBXGroup;
			children = (
				D16C4520231780FA006AE4DF /* StarWarsTests.swift */,
				D16C4522231780FA006AE4DF /* Info.plist */,
			);
			path = StarWarsTests;
			sourceTree = "<group>";
		};
		D16C452A231780FA006AE4DF /* StarWarsUITests */ = {
			isa = PBXGroup;
			children = (
				D16C452B231780FA006AE4DF /* StarWarsUITests.swift */,
				D16C452D231780FA006AE4DF /* Info.plist */,
			);
			path = StarWarsUITests;
			sourceTree = "<group>";
		};
/* End PBXGroup section */

/* Begin PBXNativeTarget section */
		D16C4507231780F9006AE4DF /* StarWars */ = {
			isa = PBXNativeTarget;
			buildConfigurationList = D16C4530231780FA006AE4DF /* Build configuration list for PBXNativeTarget "StarWars" */;
			buildPhases = (
				D16C4504231780F9006AE4DF /* Sources */,
				D16C4505231780F9006AE4DF /* Frameworks */,
				D16C4506231780F9006AE4DF /* Resources */,
			);
			buildRules = (
			);
			dependencies = (
			);
			name = StarWars;
			productName = StarWars;
			productReference = D16C4508231780F9006AE4DF /* StarWars.app */;
			productType = "com.apple.product-type.application";
		};
		D16C451B231780FA006AE4DF /* StarWarsTests */ = {
			isa = PBXNativeTarget;
			buildConfigurationList = D16C4533231780FA006AE4DF /* Build configuration list for PBXNativeTarget "StarWarsTests" */;
			buildPhases = (
				D16C4518231780FA006AE4DF /* Sources */,
				D16C4519231780FA006AE4DF /* Frameworks */,
				D16C451A231780FA006AE4DF /* Resources */,
			);
			buildRules = (
			);
			dependencies = (
				D16C451E231780FA006AE4DF /* PBXTargetDependency */,
			);
			name = StarWarsTests;
			productName = StarWarsTests;
			productReference = D16C451C231780FA006AE4DF /* StarWarsTests.xctest */;
			productType = "com.apple.product-type.bundle.unit-test";
		};
		D16C4526231780FA006AE4DF /* StarWarsUITests */ = {
			isa = PBXNativeTarget;
			buildConfigurationList = D16C4536231780FA006AE4DF /* Build configuration list for PBXNativeTarget "StarWarsUITests" */;
			buildPhases = (
				D16C4523231780FA006AE4DF /* Sources */,
				D16C4524231780FA006AE4DF /* Frameworks */,
				D16C4525231780FA006AE4DF /* Resources */,
			);
			buildRules = (
			);
			dependencies = (
				D16C4529231780FA006AE4DF /* PBXTargetDependency */,
			);
			name = StarWarsUITests;
			productName = StarWarsUITests;
			productReference = D16C4527231780FA006AE4DF /* StarWarsUITests.xctest */;
			productType = "com.apple.product-type.bundle.ui-testing";
		};
/* End PBXNativeTarget section */

/* Begin PBXProject section */
		D16C4500231780F9006AE4DF /* Project object */ = {
			isa = PBXProject;
			attributes = {
				LastSwiftUpdateCheck = 1010;
				LastUpgradeCheck = 1010;
				ORGANIZATIONNAME = "Kinjal ";
				TargetAttributes = {
					D16C4507231780F9006AE4DF = {
						CreatedOnToolsVersion = 10.1;
					};
					D16C451B231780FA006AE4DF = {
						CreatedOnToolsVersion = 10.1;
						TestTargetID = D16C4507231780F9006AE4DF;
					};
					D16C4526231780FA006AE4DF = {
						CreatedOnToolsVersion = 10.1;
						TestTargetID = D16C4507231780F9006AE4DF;
					};
				};
			};
			buildConfigurationList = D16C4503231780F9006AE4DF /* Build configuration list for PBXProject "StarWars" */;
			compatibilityVersion = "Xcode 9.3";
			developmentRegion = en;
			hasScannedForEncodings = 0;
			knownRegions = (
				en,
				Base,
			);
			mainGroup = D16C44FF231780F9006AE4DF;
			productRefGroup = D16C4509231780F9006AE4DF /* Products */;
			projectDirPath = "";
			projectRoot = "";
			targets = (
				D16C4507231780F9006AE4DF /* StarWars */,
				D16C451B231780FA006AE4DF /* StarWarsTests */,
				D16C4526231780FA006AE4DF /* StarWarsUITests */,
			);
		};
/* End PBXProject section */

/* Begin PBXResourcesBuildPhase section */
		D16C4506231780F9006AE4DF /* Resources */ = {
			isa = PBXResourcesBuildPhase;
			buildActionMask = 2147483647;
			files = (
				D16C4516231780FA006AE4DF /* LaunchScreen.storyboard in Resources */,
				D16C4513231780FA006AE4DF /* Assets.xcassets in Resources */,
				D16C4511231780F9006AE4DF /* Main.storyboard in Resources */,
			);
			runOnlyForDeploymentPostprocessing = 0;
		};
		D16C451A231780FA006AE4DF /* Resources */ = {
			isa = PBXResourcesBuildPhase;
			buildActionMask = 2147483647;
			files = (
			);
			runOnlyForDeploymentPostprocessing = 0;
		};
		D16C4525231780FA006AE4DF /* Resources */ = {
			isa = PBXResourcesBuildPhase;
			buildActionMask = 2147483647;
			files = (
			);
			runOnlyForDeploymentPostprocessing = 0;
		};
/* End PBXResourcesBuildPhase section */

/* Begin PBXSourcesBuildPhase section */
		D16C4504231780F9006AE4DF /* Sources */ = {
			isa = PBXSourcesBuildPhase;
			buildActionMask = 2147483647;
			files = (
				D16C450E231780F9006AE4DF /* ViewController.swift in Sources */,
				D16C450C231780F9006AE4DF /* AppDelegate.swift in Sources */,
			);
			runOnlyForDeploymentPostprocessing = 0;
		};
		D16C4518231780FA006AE4DF /* Sources */ = {
			isa = PBXSourcesBuildPhase;
			buildActionMask = 2147483647;
			files = (
				D16C4521231780FA006AE4DF /* StarWarsTests.swift in Sources */,
			);
			runOnlyForDeploymentPostprocessing = 0;
		};
		D16C4523231780FA006AE4DF /* Sources */ = {
			isa = PBXSourcesBuildPhase;
			buildActionMask = 2147483647;
			files = (
				D16C452C231780FA006AE4DF /* StarWarsUITests.swift in Sources */,
			);
			runOnlyForDeploymentPostprocessing = 0;
		};
/* End PBXSourcesBuildPhase section */

/* Begin PBXTargetDependency section */
		D16C451E231780FA006AE4DF /* PBXTargetDependency */ = {
			isa = PBXTargetDependency;
			target = D16C4507231780F9006AE4DF /* StarWars */;
			targetProxy = D16C451D231780FA006AE4DF /* PBXContainerItemProxy */;
		};
		D16C4529231780FA006AE4DF /* PBXTargetDependency */ = {
			isa = PBXTargetDependency;
			target = D16C4507231780F9006AE4DF /* StarWars */;
			targetProxy = D16C4528231780FA006AE4DF /* PBXContainerItemProxy */;
		};
/* End PBXTargetDependency section */

/* Begin PBXVariantGroup section */
		D16C450F231780F9006AE4DF /* Main.storyboard */ = {
			isa = PBXVariantGroup;
			children = (
				D16C4510231780F9006AE4DF /* Base */,
			);
			name = Main.storyboard;
			sourceTree = "<group>";
		};
		D16C4514231780FA006AE4DF /* LaunchScreen.storyboard */ = {
			isa = PBXVariantGroup;
			children = (
				D16C4515231780FA006AE4DF /* Base */,
			);
			name = LaunchScreen.storyboard;
			sourceTree = "<group>";
		};
/* End PBXVariantGroup section */

/* Begin XCBuildConfiguration section */
		D16C452E231780FA006AE4DF /* Debug */ = {
			isa = XCBuildConfiguration;
			buildSettings = {
				ALWAYS_SEARCH_USER_PATHS = NO;
				CLANG_ANALYZER_NONNULL = YES;
				CLANG_ANALYZER_NUMBER_OBJECT_CONVERSION = YES_AGGRESSIVE;
				CLANG_CXX_LANGUAGE_STANDARD = "gnu++14";
				CLANG_CXX_LIBRARY = "libc++";
				CLANG_ENABLE_MODULES = YES;
				CLANG_ENABLE_OBJC_ARC = YES;
				CLANG_ENABLE_OBJC_WEAK = YES;
				CLANG_WARN_BLOCK_CAPTURE_AUTORELEASING = YES;
				CLANG_WARN_BOOL_CONVERSION = YES;
				CLANG_WARN_COMMA = YES;
				CLANG_WARN_CONSTANT_CONVERSION = YES;
				CLANG_WARN_DEPRECATED_OBJC_IMPLEMENTATIONS = YES;
				CLANG_WARN_DIRECT_OBJC_ISA_USAGE = YES_ERROR;
				CLANG_WARN_DOCUMENTATION_COMMENTS = YES;
				CLANG_WARN_EMPTY_BODY = YES;
				CLANG_WARN_ENUM_CONVERSION = YES;
				CLANG_WARN_INFINITE_RECURSION = YES;
				CLANG_WARN_INT_CONVERSION = YES;
				CLANG_WARN_NON_LITERAL_NULL_CONVERSION = YES;
				CLANG_WARN_OBJC_IMPLICIT_RETAIN_SELF = YES;
				CLANG_WARN_OBJC_LITERAL_CONVERSION = YES;
				CLANG_WARN_OBJC_ROOT_CLASS = YES_ERROR;
				CLANG_WARN_RANGE_LOOP_ANALYSIS = YES;
				CLANG_WARN_STRICT_PROTOTYPES = YES;
				CLANG_WARN_SUSPICIOUS_MOVE = YES;
				CLANG_WARN_UNGUARDED_AVAILABILITY = YES_AGGRESSIVE;
				CLANG_WARN_UNREACHABLE_CODE = YES;
				CLANG_WARN__DUPLICATE_METHOD_MATCH = YES;
				CODE_SIGN_IDENTITY = "iPhone Developer";
				COPY_PHASE_STRIP = NO;
				DEBUG_INFORMATION_FORMAT = dwarf;
				ENABLE_STRICT_OBJC_MSGSEND = YES;
				ENABLE_TESTABILITY = YES;
				GCC_C_LANGUAGE_STANDARD = gnu11;
				GCC_DYNAMIC_NO_PIC = NO;
				GCC_NO_COMMON_BLOCKS = YES;
				GCC_OPTIMIZATION_LEVEL = 0;
				GCC_PREPROCESSOR_DEFINITIONS = (
					"DEBUG=1",
					"$(inherited)",
				);
				GCC_WARN_64_TO_32_BIT_CONVERSION = YES;
				GCC_WARN_ABOUT_RETURN_TYPE = YES_ERROR;
				GCC_WARN_UNDECLARED_SELECTOR = YES;
				GCC_WARN_UNINITIALIZED_AUTOS = YES_AGGRESSIVE;
				GCC_WARN_UNUSED_FUNCTION = YES;
				GCC_WARN_UNUSED_VARIABLE = YES;
				IPHONEOS_DEPLOYMENT_TARGET = 12.1;
				MTL_ENABLE_DEBUG_INFO = INCLUDE_SOURCE;
				MTL_FAST_MATH = YES;
				ONLY_ACTIVE_ARCH = YES;
				SDKROOT = iphoneos;
				SWIFT_ACTIVE_COMPILATION_CONDITIONS = DEBUG;
				SWIFT_OPTIMIZATION_LEVEL = "-Onone";
			};
			name = Debug;
		};
		D16C452F231780FA006AE4DF /* Release */ = {
			isa = XCBuildConfiguration;
			buildSettings = {
				ALWAYS_SEARCH_USER_PATHS = NO;
				CLANG_ANALYZER_NONNULL = YES;
				CLANG_ANALYZER_NUMBER_OBJECT_CONVERSION = YES_AGGRESSIVE;
				CLANG_CXX_LANGUAGE_STANDARD = "gnu++14";
				CLANG_CXX_LIBRARY = "libc++";
				CLANG_ENABLE_MODULES = YES;
				CLANG_ENABLE_OBJC_ARC = YES;
				CLANG_ENABLE_OBJC_WEAK = YES;
				CLANG_WARN_BLOCK_CAPTURE_AUTORELEASING = YES;
				CLANG_WARN_BOOL_CONVERSION = YES;
				CLANG_WARN_COMMA = YES;
				CLANG_WARN_CONSTANT_CONVERSION = YES;
				CLANG_WARN_DEPRECATED_OBJC_IMPLEMENTATIONS = YES;
				CLANG_WARN_DIRECT_OBJC_ISA_USAGE = YES_ERROR;
				CLANG_WARN_DOCUMENTATION_COMMENTS = YES;
				CLANG_WARN_EMPTY_BODY = YES;
				CLANG_WARN_ENUM_CONVERSION = YES;
				CLANG_WARN_INFINITE_RECURSION = YES;
				CLANG_WARN_INT_CONVERSION = YES;
				CLANG_WARN_NON_LITERAL_NULL_CONVERSION = YES;
				CLANG_WARN_OBJC_IMPLICIT_RETAIN_SELF = YES;
				CLANG_WARN_OBJC_LITERAL_CONVERSION = YES;
				CLANG_WARN_OBJC_ROOT_CLASS = YES_ERROR;
				CLANG_WARN_RANGE_LOOP_ANALYSIS = YES;
				CLANG_WARN_STRICT_PROTOTYPES = YES;
				CLANG_WARN_SUSPICIOUS_MOVE = YES;
				CLANG_WARN_UNGUARDED_AVAILABILITY = YES_AGGRESSIVE;
				CLANG_WARN_UNREACHABLE_CODE = YES;
				CLANG_WARN__DUPLICATE_METHOD_MATCH = YES;
				CODE_SIGN_IDENTITY = "iPhone Developer";
				COPY_PHASE_STRIP = NO;
				DEBUG_INFORMATION_FORMAT = "dwarf-with-dsym";
				ENABLE_NS_ASSERTIONS = NO;
				ENABLE_STRICT_OBJC_MSGSEND = YES;
				GCC_C_LANGUAGE_STANDARD = gnu11;
				GCC_NO_COMMON_BLOCKS = YES;
				GCC_WARN_64_TO_32_BIT_CONVERSION = YES;
				GCC_WARN_ABOUT_RETURN_TYPE = YES_ERROR;
				GCC_WARN_UNDECLARED_SELECTOR = YES;
				GCC_WARN_UNINITIALIZED_AUTOS = YES_AGGRESSIVE;
				GCC_WARN_UNUSED_FUNCTION = YES;
				GCC_WARN_UNUSED_VARIABLE = YES;
				IPHONEOS_DEPLOYMENT_TARGET = 12.1;
				MTL_ENABLE_DEBUG_INFO = NO;
				MTL_FAST_MATH = YES;
				SDKROOT = iphoneos;
				SWIFT_COMPILATION_MODE = wholemodule;
				SWIFT_OPTIMIZATION_LEVEL = "-O";
				VALIDATE_PRODUCT = YES;
			};
			name = Release;
		};
		D16C4531231780FA006AE4DF /* Debug */ = {
			isa = XCBuildConfiguration;
			buildSettings = {
				ASSETCATALOG_COMPILER_APPICON_NAME = AppIcon;
				CODE_SIGN_STYLE = Automatic;
				INFOPLIST_FILE = StarWars/Info.plist;
				LD_RUNPATH_SEARCH_PATHS = (
					"$(inherited)",
					"@executable_path/Frameworks",
				);
				PRODUCT_BUNDLE_IDENTIFIER = com.assignment.StarWars;
				PRODUCT_NAME = "$(TARGET_NAME)";
				SWIFT_VERSION = 4.2;
				TARGETED_DEVICE_FAMILY = "1,2";
			};
			name = Debug;
		};
		D16C4532231780FA006AE4DF /* Release */ = {
			isa = XCBuildConfiguration;
			buildSettings = {
				ASSETCATALOG_COMPILER_APPICON_NAME = AppIcon;
				CODE_SIGN_STYLE = Automatic;
				INFOPLIST_FILE = StarWars/Info.plist;
				LD_RUNPATH_SEARCH_PATHS = (
					"$(inherited)",
					"@executable_path/Frameworks",
				);
				PRODUCT_BUNDLE_IDENTIFIER = com.assignment.StarWars;
				PRODUCT_NAME = "$(TARGET_NAME)";
				SWIFT_VERSION = 4.2;
				TARGETED_DEVICE_FAMILY = "1,2";
			};
			name = Release;
		};
		D16C4534231780FA006AE4DF /* Debug */ = {
			isa = XCBuildConfiguration;
			buildSettings = {
				ALWAYS_EMBED_SWIFT_STANDARD_LIBRARIES = YES;
				BUNDLE_LOADER = "$(TEST_HOST)";
				CODE_SIGN_STYLE = Automatic;
				INFOPLIST_FILE = StarWarsTests/Info.plist;
				LD_RUNPATH_SEARCH_PATHS = (
					"$(inherited)",
					"@executable_path/Frameworks",
					"@loader_path/Frameworks",
				);
				PRODUCT_BUNDLE_IDENTIFIER = com.assignment.StarWarsTests;
				PRODUCT_NAME = "$(TARGET_NAME)";
				SWIFT_VERSION = 4.2;
				TARGETED_DEVICE_FAMILY = "1,2";
				TEST_HOST = "$(BUILT_PRODUCTS_DIR)/StarWars.app/StarWars";
			};
			name = Debug;
		};
		D16C4535231780FA006AE4DF /* Release */ = {
			isa = XCBuildConfiguration;
			buildSettings = {
				ALWAYS_EMBED_SWIFT_STANDARD_LIBRARIES = YES;
				BUNDLE_LOADER = "$(TEST_HOST)";
				CODE_SIGN_STYLE = Automatic;
				INFOPLIST_FILE = StarWarsTests/Info.plist;
				LD_RUNPATH_SEARCH_PATHS = (
					"$(inherited)",
					"@executable_path/Frameworks",
					"@loader_path/Frameworks",
				);
				PRODUCT_BUNDLE_IDENTIFIER = com.assignment.StarWarsTests;
				PRODUCT_NAME = "$(TARGET_NAME)";
				SWIFT_VERSION = 4.2;
				TARGETED_DEVICE_FAMILY = "1,2";
				TEST_HOST = "$(BUILT_PRODUCTS_DIR)/StarWars.app/StarWars";
			};
			name = Release;
		};
		D16C4537231780FA006AE4DF /* Debug */ = {
			isa = XCBuildConfiguration;
			buildSettings = {
				ALWAYS_EMBED_SWIFT_STANDARD_LIBRARIES = YES;
				CODE_SIGN_STYLE = Automatic;
				INFOPLIST_FILE = StarWarsUITests/Info.plist;
				LD_RUNPATH_SEARCH_PATHS = (
					"$(inherited)",
					"@executable_path/Frameworks",
					"@loader_path/Frameworks",
				);
				PRODUCT_BUNDLE_IDENTIFIER = com.assignment.StarWarsUITests;
				PRODUCT_NAME = "$(TARGET_NAME)";
				SWIFT_VERSION = 4.2;
				TARGETED_DEVICE_FAMILY = "1,2";
				TEST_TARGET_NAME = StarWars;
			};
			name = Debug;
		};
		D16C4538231780FA006AE4DF /* Release */ = {
			isa = XCBuildConfiguration;
			buildSettings = {
				ALWAYS_EMBED_SWIFT_STANDARD_LIBRARIES = YES;
				CODE_SIGN_STYLE = Automatic;
				INFOPLIST_FILE = StarWarsUITests/Info.plist;
				LD_RUNPATH_SEARCH_PATHS = (
					"$(inherited)",
					"@executable_path/Frameworks",
					"@loader_path/Frameworks",
				);
				PRODUCT_BUNDLE_IDENTIFIER = com.assignment.StarWarsUITests;
				PRODUCT_NAME = "$(TARGET_NAME)";
				SWIFT_VERSION = 4.2;
				TARGETED_DEVICE_FAMILY = "1,2";
				TEST_TARGET_NAME = StarWars;
			};
			name = Release;
		};
/* End XCBuildConfiguration section */

/* Begin XCConfigurationList section */
		D16C4503231780F9006AE4DF /* Build configuration list for PBXProject "StarWars" */ = {
			isa = XCConfigurationList;
			buildConfigurations = (
				D16C452E231780FA006AE4DF /* Debug */,
				D16C452F231780FA006AE4DF /* Release */,
			);
			defaultConfigurationIsVisible = 0;
			defaultConfigurationName = Release;
		};
		D16C4530231780FA006AE4DF /* Build configuration list for PBXNativeTarget "StarWars" */ = {
			isa = XCConfigurationList;
			buildConfigurations = (
				D16C4531231780FA006AE4DF /* Debug */,
				D16C4532231780FA006AE4DF /* Release */,
			);
			defaultConfigurationIsVisible = 0;
			defaultConfigurationName = Release;
		};
		D16C4533231780FA006AE4DF /* Build configuration list for PBXNativeTarget "StarWarsTests" */ = {
			isa = XCConfigurationList;
			buildConfigurations = (
				D16C4534231780FA006AE4DF /* Debug */,
				D16C4535231780FA006AE4DF /* Release */,
			);
			defaultConfigurationIsVisible = 0;
			defaultConfigurationName = Release;
		};
		D16C4536231780FA006AE4DF /* Build configuration list for PBXNativeTarget "StarWarsUITests" */ = {
			isa = XCConfigurationList;
			buildConfigurations = (
				D16C4537231780FA006AE4DF /* Debug */,
				D16C4538231780FA006AE4DF /* Release */,
			);
			defaultConfigurationIsVisible = 0;
			defaultConfigurationName = Release;
		};
/* End XCConfigurationList section */
	};
	rootObject = D16C4500231780F9006AE4DF /* Project object */;
}
